
Microsoft Visual Studio Solution File, Format Version 12.00
# Visual Studio 15
Project("{FAE04EC0-301F-11D3-BF4B-00C04F79EFBC}") = "Assembly-CSharp", "Assembly-CSharp.csproj", "{331D3D02-B126-0F3D-8BE0-ABD9C945D8C4}"
EndProject
Project("{FAE04EC0-301F-11D3-BF4B-00C04F79EFBC}") = "Assembly-CSharp-Editor", "Assembly-CSharp-Editor.csproj", "{3F0FC080-4D84-217B-F5D9-B774903E3FE1}"
EndProject
Global
	GlobalSection(SolutionConfigurationPlatforms) = preSolution
		Debug|Any CPU = Debug|Any CPU
		Release|Any CPU = Release|Any CPU
	EndGlobalSection
	GlobalSection(ProjectConfigurationPlatforms) = postSolution
		{331D3D02-B126-0F3D-8BE0-ABD9C945D8C4}.Debug|Any CPU.ActiveCfg = Debug|Any CPU
		{331D3D02-B126-0F3D-8BE0-ABD9C945D8C4}.Debug|Any CPU.Build.0 = Debug|Any CPU
		{331D3D02-B126-0F3D-8BE0-ABD9C945D8C4}.Release|Any CPU.ActiveCfg = Release|Any CPU
		{331D3D02-B126-0F3D-8BE0-ABD9C945D8C4}.Release|Any CPU.Build.0 = Release|Any CPU
		{3F0FC080-4D84-217B-F5D9-B774903E3FE1}.Debug|Any CPU.ActiveCfg = Debug|Any CPU
		{3F0FC080-4D84-217B-F5D9-B774903E3FE1}.Debug|Any CPU.Build.0 = Debug|Any CPU
		{3F0FC080-4D84-217B-F5D9-B774903E3FE1}.Release|Any CPU.ActiveCfg = Release|Any CPU
		{3F0FC080-4D84-217B-F5D9-B774903E3FE1}.Release|Any CPU.Build.0 = Release|Any CPU
	EndGlobalSection
	GlobalSection(SolutionProperties) = preSolution
		HideSolutionNode = FALSE
	EndGlobalSection
EndGlobal
